dependencies:
- name: quarks-job
  repository: https://cloudfoundry-incubator.github.io/quarks-helm
  version: 1.0.213
- name: quarks-secret
  repository: https://cloudfoundry-incubator.github.io/quarks-helm
  version: 1.0.754
- name: quarks-statefulset
  repository: https://cloudfoundry-incubator.github.io/quarks-helm
  version: 1.0.1311
digest: sha256:8605846f728aa7fe3e0dcf48f2c0f44d87ffc1a4cf937ae1cb1536e30f508ff2
generated: "2021-01-15T17:30:22.881676718Z"
