dependencies:
- name: quarks-job
  repository: https://cloudfoundry-incubator.github.io/quarks-helm
  version: 1.0.206
- name: quarks-secret
  repository: https://cloudfoundry-incubator.github.io/quarks-helm
  version: 1.0.744
digest: sha256:fa96ba94cf76ed8a12cc3bb9dc6e712d0c0a4e29b667b8977f6f9f56081d500d
generated: "2020-10-09T17:04:25.377962893Z"
